
Microsoft Visual Studio Solution File, Format Version 12.00
# Visual Studio Version 17
VisualStudioVersion = 17.9.34728.123
MinimumVisualStudioVersion = 10.0.40219.1
Project("{FAE04EC0-301F-11D3-BF4B-00C04F79EFBC}") = "HelloWorld", "HelloWorld\HelloWorld.csproj", "{CFD70E47-D3E2-4B9B-B60A-4E7F4BD3F3E8}"
EndProject
Project("{2150E333-8FDC-42A3-9474-1A3956D46DE8}") = "Solution Items", "Solution Items", "{939E2718-8EDD-41C1-ABBE-3452C5128EE6}"
	ProjectSection(SolutionItems) = preProject
		nuget.config = nuget.config
	EndProjectSection
EndProject
Global
	GlobalSection(SolutionConfigurationPlatforms) = preSolution
		Debug|Any CPU = Debug|Any CPU
		Release|Any CPU = Release|Any CPU
	EndGlobalSection
	GlobalSection(ProjectConfigurationPlatforms) = postSolution
		{CFD70E47-D3E2-4B9B-B60A-4E7F4BD3F3E8}.Debug|Any CPU.ActiveCfg = Debug|Any CPU
		{CFD70E47-D3E2-4B9B-B60A-4E7F4BD3F3E8}.Debug|Any CPU.Build.0 = Debug|Any CPU
		{CFD70E47-D3E2-4B9B-B60A-4E7F4BD3F3E8}.Release|Any CPU.ActiveCfg = Release|Any CPU
		{CFD70E47-D3E2-4B9B-B60A-4E7F4BD3F3E8}.Release|Any CPU.Build.0 = Release|Any CPU
	EndGlobalSection
	GlobalSection(SolutionProperties) = preSolution
		HideSolutionNode = FALSE
	EndGlobalSection
	GlobalSection(ExtensibilityGlobals) = postSolution
		SolutionGuid = {4C37D32C-5FCE-4D0E-AD9F-64A989F1E23C}
	EndGlobalSection
EndGlobal
